
Microsoft Visual Studio Solution File, Format Version 12.00
# Visual Studio Version 16
VisualStudioVersion = 16.0.30104.148
MinimumVisualStudioVersion = 10.0.40219.1
Project("{FAE04EC0-301F-11D3-BF4B-00C04F79EFBC}") = "WebsiteBanSach", "WebsiteBanSach\WebsiteBanSach.csproj", "{48277DD6-D76C-4AB9-BE81-A38688A90182}"
EndProject
Project("{FAE04EC0-301F-11D3-BF4B-00C04F79EFBC}") = "Model", "Model\Model.csproj", "{C3D24576-A7B9-4B92-8CE3-11353B70306C}"
EndProject
Global
	GlobalSection(SolutionConfigurationPlatforms) = preSolution
		Debug|Any CPU = Debug|Any CPU
		Release|Any CPU = Release|Any CPU
	EndGlobalSection
	GlobalSection(ProjectConfigurationPlatforms) = postSolution
		{48277DD6-D76C-4AB9-BE81-A38688A90182}.Debug|Any CPU.ActiveCfg = Debug|Any CPU
		{48277DD6-D76C-4AB9-BE81-A38688A90182}.Debug|Any CPU.Build.0 = Debug|Any CPU
		{48277DD6-D76C-4AB9-BE81-A38688A90182}.Release|Any CPU.ActiveCfg = Release|Any CPU
		{48277DD6-D76C-4AB9-BE81-A38688A90182}.Release|Any CPU.Build.0 = Release|Any CPU
		{C3D24576-A7B9-4B92-8CE3-11353B70306C}.Debug|Any CPU.ActiveCfg = Debug|Any CPU
		{C3D24576-A7B9-4B92-8CE3-11353B70306C}.Debug|Any CPU.Build.0 = Debug|Any CPU
		{C3D24576-A7B9-4B92-8CE3-11353B70306C}.Release|Any CPU.ActiveCfg = Release|Any CPU
		{C3D24576-A7B9-4B92-8CE3-11353B70306C}.Release|Any CPU.Build.0 = Release|Any CPU
	EndGlobalSection
	GlobalSection(SolutionProperties) = preSolution
		HideSolutionNode = FALSE
	EndGlobalSection
	GlobalSection(ExtensibilityGlobals) = postSolution
		SolutionGuid = {56C80B75-95B4-4DDD-AB12-419AAF092CCD}
	EndGlobalSection
EndGlobal
